{
  "name": "modulo-dados",
  "version": "1.0.0",
  "lockfileVersion": 3,
  "requires": true,
  "packages": {
    "": {
      "name": "modulo-dados",
      "version": "1.0.0",
      "license": "ISC",
      "dependencies": {
        "@tauri-apps/api": "^2.11.0",
        "@tauri-apps/plugin-dialog": "^2.7.1",
        "@tauri-apps/plugin-fs": "^2.5.1",
        "axml": "npm:null@^0.1.5",
        "fflate": "^0.8.3",
        "node-forge": "^1.4.0",
        "protobufjs": "^7.6.4"
      },
      "devDependencies": {
        "@tauri-apps/cli": "^2.11.2"
      },
      "optionalDependencies": {
        "axml": "npm:null@^0.1.5",
        "fflate": "^0.8.3",
        "node-forge": "^1.4.0",
        "protobufjs": "^7.6.4"
      }
    },
    "node_modules/@protobufjs/aspromise": {
      "version": "1.1.2",
      "resolved": "https://registry.npmjs.org/@protobufjs/aspromise/-/aspromise-1.1.2.tgz",
      "integrity": "sha512-j+gKExEuLmKwvz3OgROXtrJ2UG2x8Ch2YZUxahh+s1F2HZ+wAceUNLkvy6zKCPVRkU++ZWQrdxsUeQXmcg4uoQ==",
      "license": "BSD-3-Clause",
      "optional": true
    },
    "node_modules/@protobufjs/base64": {
      "version": "1.1.2",
      "resolved": "https://registry.npmjs.org/@protobufjs/base64/-/base64-1.1.2.tgz",
      "integrity": "sha512-AZkcAA5vnN/v4PDqKyMR5lx7hZttPDgClv83E//FMNhR2TMcLUhfRUBHCmSl0oi9zMgDDqRUJkSxO3wm85+XLg==",
      "license": "BSD-3-Clause",
      "optional": true
    },
    "node_modules/@protobufjs/codegen": {
      "version": "2.0.5",
      "resolved": "https://registry.npmjs.org/@protobufjs/codegen/-/codegen-2.0.5.tgz",
      "integrity": "sha512-zgXFLzW3Ap33e6d0Wlj4MGIm6Ce8O89n/apUaGNB/jx+hw+ruWEp7EwGUshdLKVRCxZW12fp9r40E1mQrf/34g==",
      "license": "BSD-3-Clause",
      "optional": true
    },
    "node_modules/@protobufjs/eventemitter": {
      "version": "1.1.1",
      "resolved": "https://registry.npmjs.org/@protobufjs/eventemitter/-/eventemitter-1.1.1.tgz",
      "integrity": "sha512-vW1GmwMZNnL+gMRaovlh9yZX74kc+TTU3FObkkurpMaRtBfLP3ldjS9KQWlwZgraRE0+dheEEoAxdzcJQ8eXZg==",
      "license": "BSD-3-Clause",
      "optional": true
    },
    "node_modules/@protobufjs/fetch": {
      "version": "1.1.1",
      "resolved": "https://registry.npmjs.org/@protobufjs/fetch/-/fetch-1.1.1.tgz",
      "integrity": "sha512-GpptLrs57adMSuHi3VNj0mAF8dwh36LMaYF6XyJ6JMWlVsc+t42tm1HSEDmOs3A8fC9yyeisgLhsTVQokOZ0zw==",
      "license": "BSD-3-Clause",
      "optional": true,
      "dependencies": {
        "@protobufjs/aspromise": "^1.1.1"
      }
    },
    "node_modules/@protobufjs/float": {
      "version": "1.0.2",
      "resolved": "https://registry.npmjs.org/@protobufjs/float/-/float-1.0.2.tgz",
      "integrity": "sha512-Ddb+kVXlXst9d+R9PfTIxh1EdNkgoRe5tOX6t01f1lYWOvJnSPDBlG241QLzcyPdoNTsblLUdujGSE4RzrTZGQ==",
      "license": "BSD-3-Clause",
      "optional": true
    },
    "node_modules/@protobufjs/path": {
      "version": "1.1.2",
      "resolved": "https://registry.npmjs.org/@protobufjs/path/-/path-1.1.2.tgz",
      "integrity": "sha512-6JOcJ5Tm08dOHAbdR3GrvP+yUUfkjG5ePsHYczMFLq3ZmMkAD98cDgcT2iA1lJ9NVwFd4tH/iSSoe44YWkltEA==",
      "license": "BSD-3-Clause",
      "optional": true
    },
    "node_modules/@protobufjs/pool": {
      "version": "1.1.0",
      "resolved": "https://registry.npmjs.org/@protobufjs/pool/-/pool-1.1.0.tgz",
      "integrity": "sha512-0kELaGSIDBKvcgS4zkjz1PeddatrjYcmMWOlAuAPwAeccUrPHdUqo/J6LiymHHEiJT5NrF1UVwxY14f+fy4WQw==",
      "license": "BSD-3-Clause",
      "optional": true
    },
    "node_modules/@protobufjs/utf8": {
      "version": "1.1.1",
      "resolved": "https://registry.npmjs.org/@protobufjs/utf8/-/utf8-1.1.1.tgz",
      "integrity": "sha512-oOAWABowe8EAbMyWKM0tYDKi8Yaox52D+HWZhAIJqQXbqe0xI/GV7FhLWqlEKreMkfDjshR5FKgi3mnle0h6Eg==",
      "license": "BSD-3-Clause",
      "optional": true
    },
    "node_modules/@tauri-apps/api": {
      "version": "2.11.0",
      "resolved": "https://registry.npmjs.org/@tauri-apps/api/-/api-2.11.0.tgz",
      "integrity": "sha512-7CinYODhky9lmO23xHnUFv0Xt43fbtWMyxZcLcRBlFkcgXKuEirBvHpmtJ89YMhyeGcq20Wuc47Fa4XjyniywA==",
      "license": "Apache-2.0 OR MIT",
      "funding": {
        "type": "opencollective",
        "url": "https://opencollective.com/tauri"
      }
    },
    "node_modules/@tauri-apps/cli": {
      "version": "2.11.2",
      "resolved": "https://registry.npmjs.org/@tauri-apps/cli/-/cli-2.11.2.tgz",
      "integrity": "sha512-bk3HemqvGRoy+5D/dVMUQHKMYLglD0jVnMm/0iGMH6ufZ+p8r14m6BpIixwij3PBvZdvORUp1YifTD8QxVZ1Nw==",
      "dev": true,
      "license": "Apache-2.0 OR MIT",
      "bin": {
        "tauri": "tauri.js"
      },
      "engines": {
        "node": ">= 10"
      },
      "funding": {
        "type": "opencollective",
        "url": "https://opencollective.com/tauri"
      },
      "optionalDependencies": {
        "@tauri-apps/cli-darwin-arm64": "2.11.2",
        "@tauri-apps/cli-darwin-x64": "2.11.2",
        "@tauri-apps/cli-linux-arm-gnueabihf": "2.11.2",
        "@tauri-apps/cli-linux-arm64-gnu": "2.11.2",
        "@tauri-apps/cli-linux-arm64-musl": "2.11.2",
        "@tauri-apps/cli-linux-riscv64-gnu": "2.11.2",
        "@tauri-apps/cli-linux-x64-gnu": "2.11.2",
        "@tauri-apps/cli-linux-x64-musl": "2.11.2",
        "@tauri-apps/cli-win32-arm64-msvc": "2.11.2",
        "@tauri-apps/cli-win32-ia32-msvc": "2.11.2",
        "@tauri-apps/cli-win32-x64-msvc": "2.11.2"
      }
    },
    "node_modules/@tauri-apps/cli-darwin-arm64": {
      "version": "2.11.2",
      "resolved": "https://registry.npmjs.org/@tauri-apps/cli-darwin-arm64/-/cli-darwin-arm64-2.11.2.tgz",
      "integrity": "sha512-+4UZzLt+eOAEQCwgd+TqKgyUJMrvx+BgdXLLaqJYmPqzP+nE6YZr/hY6CWLYGQb8jFn99jEkmC6uA3tNvamA1w==",
      "cpu": [
        "arm64"
      ],
      "dev": true,
      "license": "Apache-2.0 OR MIT",
      "optional": true,
      "os": [
        "darwin"
      ],
      "engines": {
        "node": ">= 10"
      }
    },
    "node_modules/@tauri-apps/cli-darwin-x64": {
      "version": "2.11.2",
      "resolved": "https://registry.npmjs.org/@tauri-apps/cli-darwin-x64/-/cli-darwin-x64-2.11.2.tgz",
      "integrity": "sha512-VjYYtZUPqDMLutSfJEyxFE3Bz+DPi7c8wC3imckgvciLDZLq4qwKJxBicg0BXGhXjJsl8vKWgWRFNMPELQ+Xyg==",
      "cpu": [
        "x64"
      ],
      "dev": true,
      "license": "Apache-2.0 OR MIT",
      "optional": true,
      "os": [
        "darwin"
      ],
      "engines": {
        "node": ">= 10"
      }
    },
    "node_modules/@tauri-apps/cli-linux-arm-gnueabihf": {
      "version": "2.11.2",
      "resolved": "https://registry.npmjs.org/@tauri-apps/cli-linux-arm-gnueabihf/-/cli-linux-arm-gnueabihf-2.11.2.tgz",
      "integrity": "sha512-yMemD6f4i95AQriS8EazyOFzbE34yjnP16i3IOzpHGQvBoy2DjypFMFBq0NtPuITURv/cOGguRtHR5d79/9CSA==",
      "cpu": [
        "arm"
      ],
      "dev": true,
      "license": "Apache-2.0 OR MIT",
      "optional": true,
      "os": [
        "linux"
      ],
      "engines": {
        "node": ">= 10"
      }
    },
    "node_modules/@tauri-apps/cli-linux-arm64-gnu": {
      "version": "2.11.2",
      "resolved": "https://registry.npmjs.org/@tauri-apps/cli-linux-arm64-gnu/-/cli-linux-arm64-gnu-2.11.2.tgz",
      "integrity": "sha512-cgI91D2wL8GSgoWwZXDqt+DwnuZCP2/bz03QAE4TrhgAKIsrB4hX26W/H1EONPUUNkqrsgeCD0wU6pcNjV/5kw==",
      "cpu": [
        "arm64"
      ],
      "dev": true,
      "libc": [
        "glibc"
      ],
      "license": "Apache-2.0 OR MIT",
      "optional": true,
      "os": [
        "linux"
      ],
      "engines": {
        "node": ">= 10"
      }
    },
    "node_modules/@tauri-apps/cli-linux-arm64-musl": {
      "version": "2.11.2",
      "resolved": "https://registry.npmjs.org/@tauri-apps/cli-linux-arm64-musl/-/cli-linux-arm64-musl-2.11.2.tgz",
      "integrity": "sha512-X1rm0BERqAAggtYTESSgXrS3sz4Sb/OiPiz54UqISlXW+GkR3vNIGnsy/lejNmoXGVqri3Q53BCfQiclOIyRPw==",
      "cpu": [
        "arm64"
      ],
      "dev": true,
      "libc": [
        "musl"
      ],
      "license": "Apache-2.0 OR MIT",
      "optional": true,
      "os": [
        "linux"
      ],
      "engines": {
        "node": ">= 10"
      }
    },
    "node_modules/@tauri-apps/cli-linux-riscv64-gnu": {
      "version": "2.11.2",
      "resolved": "https://registry.npmjs.org/@tauri-apps/cli-linux-riscv64-gnu/-/cli-linux-riscv64-gnu-2.11.2.tgz",
      "integrity": "sha512-usbMLJbT3KtkOrBMDVeGYNM35aTHXx38SJSzTMSqqjeUIOQ+iVPjb2yAGNAE+KqmBbAx4FOFIyMeKXx2M/JKGQ==",
      "cpu": [
        "riscv64"
      ],
      "dev": true,
      "libc": [
        "glibc"
      ],
      "license": "Apache-2.0 OR MIT",
      "optional": true,
      "os": [
        "linux"
      ],
      "engines": {
        "node": ">= 10"
      }
    },
    "node_modules/@tauri-apps/cli-linux-x64-gnu": {
      "version": "2.11.2",
      "resolved": "https://registry.npmjs.org/@tauri-apps/cli-linux-x64-gnu/-/cli-linux-x64-gnu-2.11.2.tgz",
      "integrity": "sha512-Ru4gwJKPG0ctVGchRGpRup4Y4lW2SSfFnrbQcyHhCliKy4g8Qz97TrUgCur4CbWyAgKxvGh3SjrkA0LDYzDGiw==",
      "cpu": [
        "x64"
      ],
      "dev": true,
      "libc": [
        "glibc"
      ],
      "license": "Apache-2.0 OR MIT",
      "optional": true,
      "os": [
        "linux"
      ],
      "engines": {
        "node": ">= 10"
      }
    },
    "node_modules/@tauri-apps/cli-linux-x64-musl": {
      "version": "2.11.2",
      "resolved": "https://registry.npmjs.org/@tauri-apps/cli-linux-x64-musl/-/cli-linux-x64-musl-2.11.2.tgz",
      "integrity": "sha512-eUm7T6clN1MMmNSRQ9gaWsQdyehQx2Gmn5hht/QUlqZQI/qcP2OJK5dnaxqwFzCr2HdsEo9ydxaqcS1oJzMvUw==",
      "cpu": [
        "x64"
      ],
      "dev": true,
      "libc": [
        "musl"
      ],
      "license": "Apache-2.0 OR MIT",
      "optional": true,
      "os": [
        "linux"
      ],
      "engines": {
        "node": ">= 10"
      }
    },
    "node_modules/@tauri-apps/cli-win32-arm64-msvc": {
      "version": "2.11.2",
      "resolved": "https://registry.npmjs.org/@tauri-apps/cli-win32-arm64-msvc/-/cli-win32-arm64-msvc-2.11.2.tgz",
      "integrity": "sha512-HeeZW80jU+gVTOEX4X/hC6NVSAdDVXajwP5fxIZ/3z9WvUC7qrudX2GMTilYq6Dg0e0sk0XgsAJD1hZ5wPBXUA==",
      "cpu": [
        "arm64"
      ],
      "dev": true,
      "license": "Apache-2.0 OR MIT",
      "optional": true,
      "os": [
        "win32"
      ],
      "engines": {
        "node": ">= 10"
      }
    },
    "node_modules/@tauri-apps/cli-win32-ia32-msvc": {
      "version": "2.11.2",
      "resolved": "https://registry.npmjs.org/@tauri-apps/cli-win32-ia32-msvc/-/cli-win32-ia32-msvc-2.11.2.tgz",
      "integrity": "sha512-YhjQNZcXfbkCLyazSv1nPnJ9iRFE1wm6kc51FDbU10/Dk09io+6PAGMLjkxnX2GdM0qMnDmTjstY8mTDVvtKeA==",
      "cpu": [
        "ia32"
      ],
      "dev": true,
      "license": "Apache-2.0 OR MIT",
      "optional": true,
      "os": [
        "win32"
      ],
      "engines": {
        "node": ">= 10"
      }
    },
    "node_modules/@tauri-apps/cli-win32-x64-msvc": {
      "version": "2.11.2",
      "resolved": "https://registry.npmjs.org/@tauri-apps/cli-win32-x64-msvc/-/cli-win32-x64-msvc-2.11.2.tgz",
      "integrity": "sha512-d2JchlFIpZevZVReyqhQOekJmb1UH3rhZ5VX6sH3ty9ETE0TKQavpihvoScUXfKKpW6HZC0MrFGRU0ZtD+w3gA==",
      "cpu": [
        "x64"
      ],
      "dev": true,
      "license": "Apache-2.0 OR MIT",
      "optional": true,
      "os": [
        "win32"
      ],
      "engines": {
        "node": ">= 10"
      }
    },
    "node_modules/@tauri-apps/plugin-dialog": {
      "version": "2.7.1",
      "resolved": "https://registry.npmjs.org/@tauri-apps/plugin-dialog/-/plugin-dialog-2.7.1.tgz",
      "integrity": "sha512-OK1UBXYt+ojcmxMktzzuyonYIFta8CmAASpX+CA+DTGK24KlHjhYI6x2iOJ/TjZF4N7/ACK1oFmEOjIY9IhzOQ==",
      "license": "MIT OR Apache-2.0",
      "dependencies": {
        "@tauri-apps/api": "^2.11.0"
      }
    },
    "node_modules/@tauri-apps/plugin-fs": {
      "version": "2.5.1",
      "resolved": "https://registry.npmjs.org/@tauri-apps/plugin-fs/-/plugin-fs-2.5.1.tgz",
      "integrity": "sha512-9Lz+Jopp6QyeEWhlpkMx4R/+P9HgR+AVAI4vOZhlT8Xaymtz8iVI/Ov984/XTqgJz/5gz5NretqPB/XEMS3NhQ==",
      "license": "MIT OR Apache-2.0",
      "dependencies": {
        "@tauri-apps/api": "^2.11.0"
      }
    },
    "node_modules/@types/node": {
      "version": "26.0.0",
      "resolved": "https://registry.npmjs.org/@types/node/-/node-26.0.0.tgz",
      "integrity": "sha512-vf2YFi1iY9lHGwNJMs01biZFbKJkrZR1T6/MlzjhJLPdntOHLhTrDSnSVcdtvjihi4VQNlrFRIxLsDBlQpAipA==",
      "license": "MIT",
      "optional": true,
      "dependencies": {
        "undici-types": "~8.3.0"
      }
    },
    "node_modules/axml": {
      "optional": true
    },
    "node_modules/fflate": {
      "version": "0.8.3",
      "resolved": "https://registry.npmjs.org/fflate/-/fflate-0.8.3.tgz",
      "integrity": "sha512-tbZNuJrLwGUp3zshBtdy4W+ORxZuIh8a5ilyIEQDC5rY1f3U20JMry0Ll3WBzU58EZKsEuJFXhb5gwv8CsPvgA==",
      "license": "MIT",
      "optional": true
    },
    "node_modules/long": {
      "version": "5.3.2",
      "resolved": "https://registry.npmjs.org/long/-/long-5.3.2.tgz",
      "integrity": "sha512-mNAgZ1GmyNhD7AuqnTG3/VQ26o760+ZYBPKjPvugO8+nLbYfX6TVpJPseBvopbdY+qpZ/lKUnmEc1LeZYS3QAA==",
      "license": "Apache-2.0",
      "optional": true
    },
    "node_modules/node-forge": {
      "version": "1.4.0",
      "resolved": "https://registry.npmjs.org/node-forge/-/node-forge-1.4.0.tgz",
      "integrity": "sha512-LarFH0+6VfriEhqMMcLX2F7SwSXeWwnEAJEsYm5QKWchiVYVvJyV9v7UDvUv+w5HO23ZpQTXDv/GxdDdMyOuoQ==",
      "license": "(BSD-3-Clause OR GPL-2.0)",
      "optional": true,
      "engines": {
        "node": ">= 6.13.0"
      }
    },
    "node_modules/protobufjs": {
      "version": "7.6.4",
      "resolved": "https://registry.npmjs.org/protobufjs/-/protobufjs-7.6.4.tgz",
      "integrity": "sha512-RJJPTTpvFfHcWLkIa2JFWK4XvtSzS0yEWDmunqHXli1h3JlkbcQZXDZdcWxv+JK3Xsl5/UFDPZ0iGm7DAengYw==",
      "hasInstallScript": true,
      "license": "BSD-3-Clause",
      "optional": true,
      "dependencies": {
        "@protobufjs/aspromise": "^1.1.2",
        "@protobufjs/base64": "^1.1.2",
        "@protobufjs/codegen": "^2.0.5",
        "@protobufjs/eventemitter": "^1.1.1",
        "@protobufjs/fetch": "^1.1.1",
        "@protobufjs/float": "^1.0.2",
        "@protobufjs/path": "^1.1.2",
        "@protobufjs/pool": "^1.1.0",
        "@protobufjs/utf8": "^1.1.1",
        "@types/node": ">=13.7.0",
        "long": "^5.3.2"
      },
      "engines": {
        "node": ">=12.0.0"
      }
    },
    "node_modules/undici-types": {
      "version": "8.3.0",
      "resolved": "https://registry.npmjs.org/undici-types/-/undici-types-8.3.0.tgz",
      "integrity": "sha512-j375ScV60dom+YkPFIfTLcOiPxkN/buHz5GobjLhixFuANaNs3C9l4GmrWqejgXWJ7BbJcFYpTEUkS1Ge8bpZQ==",
      "license": "MIT",
      "optional": true
    }
  }
}
